// !$*UTF8*$!
{
	archiveVersion = 1;
	classes = {
	};
	objectVersion = 46;
	objects = {

/* Begin PBXBuildFile section */
		5400E9781F53E598006B7901 /* API.swift in Sources */ = {isa = PBXBuildFile; fileRef = 5400E9751F53E598006B7901 /* API.swift */; };
		5400E98D1F53E825006B7901 /* denglu_fasongyanzhengma_btn@2x.png in Resources */ = {isa = PBXBuildFile; fileRef = 5400E97C1F53E825006B7901 /* denglu_fasongyanzhengma_btn@2x.png */; };
		5400E98E1F53E825006B7901 /* dl_duigou_btn@2x.png in Resources */ = {isa = PBXBuildFile; fileRef = 5400E97D1F53E825006B7901 /* dl_duigou_btn@2x.png */; };
		5400E98F1F53E825006B7901 /* dl_duigou_btn_pressed@2x.png in Resources */ = {isa = PBXBuildFile; fileRef = 5400E97E1F53E825006B7901 /* dl_duigou_btn_pressed@2x.png */; };
		5400E9901F53E825006B7901 /* dl_mima_icon@2x.png in Resources */ = {isa = PBXBuildFile; fileRef = 5400E97F1F53E825006B7901 /* dl_mima_icon@2x.png */; };
		5400E9911F53E825006B7901 /* dl_zhanghao_icon@2x.png in Resources */ = {isa = PBXBuildFile; fileRef = 5400E9801F53E825006B7901 /* dl_zhanghao_icon@2x.png */; };
		5400E9921F53E825006B7901 /* image.png in Resources */ = {isa = PBXBuildFile; fileRef = 5400E9811F53E825006B7901 /* image.png */; };
		5400E9931F53E825006B7901 /* loading@2x.png in Resources */ = {isa = PBXBuildFile; fileRef = 5400E9821F53E825006B7901 /* loading@2x.png */; };
		5400E9941F53E825006B7901 /* movie1.mp4 in Resources */ = {isa = PBXBuildFile; fileRef = 5400E9831F53E825006B7901 /* movie1.mp4 */; };
		5400E9951F53E825006B7901 /* normalPlayerBtn.png in Resources */ = {isa = PBXBuildFile; fileRef = 5400E9841F53E825006B7901 /* normalPlayerBtn.png */; };
		5400E9961F53E825006B7901 /* playerBtn.png in Resources */ = {isa = PBXBuildFile; fileRef = 5400E9851F53E825006B7901 /* playerBtn.png */; };
		5400E9971F53E825006B7901 /* refreshFootImg_0@2x.png in Resources */ = {isa = PBXBuildFile; fileRef = 5400E9861F53E825006B7901 /* refreshFootImg_0@2x.png */; };
		5400E9981F53E825006B7901 /* refreshFootImg_1@2x.png in Resources */ = {isa = PBXBuildFile; fileRef = 5400E9871F53E825006B7901 /* refreshFootImg_1@2x.png */; };
		5400E9991F53E825006B7901 /* zhbd_qq_icon.png in Resources */ = {isa = PBXBuildFile; fileRef = 5400E9881F53E825006B7901 /* zhbd_qq_icon.png */; };
		5400E99A1F53E825006B7901 /* zhbd_weibo_icon.png in Resources */ = {isa = PBXBuildFile; fileRef = 5400E9891F53E825006B7901 /* zhbd_weibo_icon.png */; };
		5400E99B1F53E825006B7901 /* zhbd_weixin_icon.png in Resources */ = {isa = PBXBuildFile; fileRef = 5400E98A1F53E825006B7901 /* zhbd_weixin_icon.png */; };
		5400E99C1F53E825006B7901 /* 组-66@2x.png in Resources */ = {isa = PBXBuildFile; fileRef = 5400E98B1F53E825006B7901 /* 组-66@2x.png */; };
		5400E99D1F53E825006B7901 /* 组-68@2x.png in Resources */ = {isa = PBXBuildFile; fileRef = 5400E98C1F53E825006B7901 /* 组-68@2x.png */; };
		5400E9A31F540F8C006B7901 /* NormalDefine.swift in Sources */ = {isa = PBXBuildFile; fileRef = 5400E9A21F540F8C006B7901 /* NormalDefine.swift */; };
		5400EA9C1F541078006B7901 /* AppDelegate.swift in Sources */ = {isa = PBXBuildFile; fileRef = 5400EA221F541078006B7901 /* AppDelegate.swift */; };
		5400EAB21F541151006B7901 /* ViewController.swift in Sources */ = {isa = PBXBuildFile; fileRef = 5400EAAD1F541151006B7901 /* ViewController.swift */; };
		5400EAB81F5411AC006B7901 /* ColorDefine.swift in Sources */ = {isa = PBXBuildFile; fileRef = 5400EAB71F5411AC006B7901 /* ColorDefine.swift */; };
		5400EABA1F5411BB006B7901 /* FontDefine.swift in Sources */ = {isa = PBXBuildFile; fileRef = 5400EAB91F5411BB006B7901 /* FontDefine.swift */; };
		5400EABC1F5411DB006B7901 /* ThirdPartyDefine.swift in Sources */ = {isa = PBXBuildFile; fileRef = 5400EABB1F5411DB006B7901 /* ThirdPartyDefine.swift */; };
		5401C7781F28795C00DD05C2 /* SYFileManager.swift in Sources */ = {isa = PBXBuildFile; fileRef = 5401C7771F28795C00DD05C2 /* SYFileManager.swift */; };
		5402C2E21F1371C5008EE999 /* UIView+SYExtension.swift in Sources */ = {isa = PBXBuildFile; fileRef = 5402C2E11F1371C5008EE999 /* UIView+SYExtension.swift */; };
		540692C31F579BC5008EDDCB /* SYDemo.swift in Sources */ = {isa = PBXBuildFile; fileRef = 540692C21F579BC5008EDDCB /* SYDemo.swift */; };
		540692C51F579BD8008EDDCB /* 1.txt in Resources */ = {isa = PBXBuildFile; fileRef = 540692C41F579BD8008EDDCB /* 1.txt */; };
		5408CB231EF28DCA009593D8 /* App_SwiftTests.swift in Sources */ = {isa = PBXBuildFile; fileRef = 5408CB221EF28DCA009593D8 /* App_SwiftTests.swift */; };
		5408CB2E1EF28DCA009593D8 /* App_SwiftUITests.swift in Sources */ = {isa = PBXBuildFile; fileRef = 5408CB2D1EF28DCA009593D8 /* App_SwiftUITests.swift */; };
		541F3C001F00EBDE0079A3A6 /* GlobalDefine.swift in Sources */ = {isa = PBXBuildFile; fileRef = 541F3BFF1F00EBDE0079A3A6 /* GlobalDefine.swift */; };
		542411FC1F62314600669AE5 /* SYVerticalLayoutButton.swift in Sources */ = {isa = PBXBuildFile; fileRef = 542411FB1F62314600669AE5 /* SYVerticalLayoutButton.swift */; };
		54269D921F5E9F80007FB8E0 /* SLError.swift in Sources */ = {isa = PBXBuildFile; fileRef = 54269D911F5E9F80007FB8E0 /* SLError.swift */; };
		5459E0781F56AD99004A13DF /* Nibloadable.swift in Sources */ = {isa = PBXBuildFile; fileRef = 5459E0771F56AD99004A13DF /* Nibloadable.swift */; };
		5468E5841F54FD5200816EE0 /* UserDefaultDefine.swift in Sources */ = {isa = PBXBuildFile; fileRef = 5468E5831F54FD5200816EE0 /* UserDefaultDefine.swift */; };
		5468E5871F54FF2800816EE0 /* ZKURLPath.swift in Sources */ = {isa = PBXBuildFile; fileRef = 5468E5861F54FF2800816EE0 /* ZKURLPath.swift */; };
		5468E5A81F5505C500816EE0 /* JKDBHelper.m in Sources */ = {isa = PBXBuildFile; fileRef = 5468E58E1F5505C500816EE0 /* JKDBHelper.m */; };
		5468E5A91F5505C500816EE0 /* JKDBModel.m in Sources */ = {isa = PBXBuildFile; fileRef = 5468E5901F5505C500816EE0 /* JKDBModel.m */; };
		5468E5AA1F5505C500816EE0 /* NormalMJRefreshGifHeader.m in Sources */ = {isa = PBXBuildFile; fileRef = 5468E5931F5505C500816EE0 /* NormalMJRefreshGifHeader.m */; };
		5468E5AB1F5505C500816EE0 /* SYDownloadDefine.m in Sources */ = {isa = PBXBuildFile; fileRef = 5468E5961F5505C500816EE0 /* SYDownloadDefine.m */; };
		5468E5AC1F5505C500816EE0 /* SYDownloadManager.m in Sources */ = {isa = PBXBuildFile; fileRef = 5468E5981F5505C500816EE0 /* SYDownloadManager.m */; };
		5468E5AD1F5505C500816EE0 /* SYDownloadModel.m in Sources */ = {isa = PBXBuildFile; fileRef = 5468E59A1F5505C500816EE0 /* SYDownloadModel.m */; };
		5468E5AE1F5505C500816EE0 /* SYDownloadOperation.m in Sources */ = {isa = PBXBuildFile; fileRef = 5468E59C1F5505C500816EE0 /* SYDownloadOperation.m */; };
		5468E5AF1F5505C500816EE0 /* SYFileManager.m in Sources */ = {isa = PBXBuildFile; fileRef = 5468E59F1F5505C500816EE0 /* SYFileManager.m */; };
		5468E5B01F5505C500816EE0 /* SYM3U8Player.m in Sources */ = {isa = PBXBuildFile; fileRef = 5468E5A31F5505C500816EE0 /* SYM3U8Player.m */; };
		5468E5B11F5505C500816EE0 /* SYPlayerViewController.m in Sources */ = {isa = PBXBuildFile; fileRef = 5468E5A51F5505C500816EE0 /* SYPlayerViewController.m */; };
		5468E5B91F5505FF00816EE0 /* Assets.xcassets in Resources */ = {isa = PBXBuildFile; fileRef = 5468E5B31F5505FF00816EE0 /* Assets.xcassets */; };
		5468E5BA1F5505FF00816EE0 /* LaunchScreen.storyboard in Resources */ = {isa = PBXBuildFile; fileRef = 5468E5B41F5505FF00816EE0 /* LaunchScreen.storyboard */; };
		5468E5BB1F5505FF00816EE0 /* Main.storyboard in Resources */ = {isa = PBXBuildFile; fileRef = 5468E5B61F5505FF00816EE0 /* Main.storyboard */; };
		5468E5BC1F5505FF00816EE0 /* Info.plist in Resources */ = {isa = PBXBuildFile; fileRef = 5468E5B81F5505FF00816EE0 /* Info.plist */; };
		54A7DE7D1F5D3A29005C77D5 /* PromiseKitTest.swift in Sources */ = {isa = PBXBuildFile; fileRef = 54A7DE7C1F5D3A29005C77D5 /* PromiseKitTest.swift */; };
		54AFB54D1F553B55001BB903 /* 1.txt in Resources */ = {isa = PBXBuildFile; fileRef = 54AFB54C1F553B55001BB903 /* 1.txt */; };
		54AFB5541F5568D0001BB903 /* SYTitleView.swift in Sources */ = {isa = PBXBuildFile; fileRef = 54AFB5531F5568D0001BB903 /* SYTitleView.swift */; };
		54D326A51F60ED040070CDC8 /* SYHexagonButton.swift in Sources */ = {isa = PBXBuildFile; fileRef = 54D326A41F60ED040070CDC8 /* SYHexagonButton.swift */; };
		54EAE4301F46952200DC9753 /* UIImage+SYExtension.swift in Sources */ = {isa = PBXBuildFile; fileRef = 54EAE42F1F46952200DC9753 /* UIImage+SYExtension.swift */; };
		54EAE4321F46D66100DC9753 /* Integer+SYExtension.swift in Sources */ = {isa = PBXBuildFile; fileRef = 54EAE4311F46D66100DC9753 /* Integer+SYExtension.swift */; };
		54EFB1411F01F794000C3E7C /* String+SYExtension.swift in Sources */ = {isa = PBXBuildFile; fileRef = 54EFB1401F01F794000C3E7C /* String+SYExtension.swift */; };
		54EFB1431F01FE4E000C3E7C /* UIColor+SYExtension.swift in Sources */ = {isa = PBXBuildFile; fileRef = 54EFB1421F01FE4E000C3E7C /* UIColor+SYExtension.swift */; };
		54EFB1471F024CEF000C3E7C /* Array+SYExtension.swift in Sources */ = {isa = PBXBuildFile; fileRef = 54EFB1461F024CEF000C3E7C /* Array+SYExtension.swift */; };
		54F660341F25E8620081B752 /* NSData+SYExtension.swift in Sources */ = {isa = PBXBuildFile; fileRef = 54F660331F25E8620081B752 /* NSData+SYExtension.swift */; };
		54FC63801F2714D400A5333D /* UIDevice+SYExtension.swift in Sources */ = {isa = PBXBuildFile; fileRef = 54FC637F1F2714D400A5333D /* UIDevice+SYExtension.swift */; };
		54FC63831F27199B00A5333D /* DeviceDefine.swift in Sources */ = {isa = PBXBuildFile; fileRef = 54FC63821F27199B00A5333D /* DeviceDefine.swift */; };
		79829BCC65EE8EEDF64E0CEC /* Pods_App_Swift.framework in Frameworks */ = {isa = PBXBuildFile; fileRef = B35981B9D16A415D23CB8A9D /* Pods_App_Swift.framework */; };
/* End PBXBuildFile section */

/* Begin PBXContainerItemProxy section */
		5408CB1F1EF28DCA009593D8 /* PBXContainerItemProxy */ = {
			isa = PBXContainerItemProxy;
			containerPortal = 5408CB021EF28DCA009593D8 /* Project object */;
			proxyType = 1;
			remoteGlobalIDString = 5408CB091EF28DCA009593D8;
			remoteInfo = "App-Swift";
		};
		5408CB2A1EF28DCA009593D8 /* PBXContainerItemProxy */ = {
			isa = PBXContainerItemProxy;
			containerPortal = 5408CB021EF28DCA009593D8 /* Project object */;
			proxyType = 1;
			remoteGlobalIDString = 5408CB091EF28DCA009593D8;
			remoteInfo = "App-Swift";
		};
/* End PBXContainerItemProxy section */

/* Begin PBXFileReference section */
		4033468AADE67D3E7E9E77D7 /* Pods-App-Swift.release.xcconfig */ = {isa = PBXFileReference; includeInIndex = 1; lastKnownFileType = text.xcconfig; name = "Pods-App-Swift.release.xcconfig"; path = "Pods/Target Support Files/Pods-App-Swift/Pods-App-Swift.release.xcconfig"; sourceTree = "<group>"; };
		5400E9751F53E598006B7901 /* API.swift */ = {isa = PBXFileReference; fileEncoding = 4; lastKnownFileType = sourcecode.swift; path = API.swift; sourceTree = "<group>"; };
		5400E97C1F53E825006B7901 /* denglu_fasongyanzhengma_btn@2x.png */ = {isa = PBXFileReference; lastKnownFileType = image.png; path = "denglu_fasongyanzhengma_btn@2x.png"; sourceTree = "<group>"; };
		5400E97D1F53E825006B7901 /* dl_duigou_btn@2x.png */ = {isa = PBXFileReference; lastKnownFileType = image.png; path = "dl_duigou_btn@2x.png"; sourceTree = "<group>"; };
		5400E97E1F53E825006B7901 /* dl_duigou_btn_pressed@2x.png */ = {isa = PBXFileReference; lastKnownFileType = image.png; path = "dl_duigou_btn_pressed@2x.png"; sourceTree = "<group>"; };
		5400E97F1F53E825006B7901 /* dl_mima_icon@2x.png */ = {isa = PBXFileReference; lastKnownFileType = image.png; path = "dl_mima_icon@2x.png"; sourceTree = "<group>"; };
		5400E9801F53E825006B7901 /* dl_zhanghao_icon@2x.png */ = {isa = PBXFileReference; lastKnownFileType = image.png; path = "dl_zhanghao_icon@2x.png"; sourceTree = "<group>"; };
		5400E9811F53E825006B7901 /* image.png */ = {isa = PBXFileReference; lastKnownFileType = image.png; path = image.png; sourceTree = "<group>"; };
		5400E9821F53E825006B7901 /* loading@2x.png */ = {isa = PBXFileReference; lastKnownFileType = image.png; path = "loading@2x.png"; sourceTree = "<group>"; };
		5400E9831F53E825006B7901 /* movie1.mp4 */ = {isa = PBXFileReference; lastKnownFileType = file; path = movie1.mp4; sourceTree = "<group>"; };
		5400E9841F53E825006B7901 /* normalPlayerBtn.png */ = {isa = PBXFileReference; lastKnownFileType = image.png; path = normalPlayerBtn.png; sourceTree = "<group>"; };
		5400E9851F53E825006B7901 /* playerBtn.png */ = {isa = PBXFileReference; lastKnownFileType = image.png; path = playerBtn.png; sourceTree = "<group>"; };
		5400E9861F53E825006B7901 /* refreshFootImg_0@2x.png */ = {isa = PBXFileReference; lastKnownFileType = image.png; path = "refreshFootImg_0@2x.png"; sourceTree = "<group>"; };
		5400E9871F53E825006B7901 /* refreshFootImg_1@2x.png */ = {isa = PBXFileReference; lastKnownFileType = image.png; path = "refreshFootImg_1@2x.png"; sourceTree = "<group>"; };
		5400E9881F53E825006B7901 /* zhbd_qq_icon.png */ = {isa = PBXFileReference; lastKnownFileType = image.png; path = zhbd_qq_icon.png; sourceTree = "<group>"; };
		5400E9891F53E825006B7901 /* zhbd_weibo_icon.png */ = {isa = PBXFileReference; lastKnownFileType = image.png; path = zhbd_weibo_icon.png; sourceTree = "<group>"; };
		5400E98A1F53E825006B7901 /* zhbd_weixin_icon.png */ = {isa = PBXFileReference; lastKnownFileType = image.png; path = zhbd_weixin_icon.png; sourceTree = "<group>"; };
		5400E98B1F53E825006B7901 /* 组-66@2x.png */ = {isa = PBXFileReference; lastKnownFileType = image.png; path = "组-66@2x.png"; sourceTree = "<group>"; };
		5400E98C1F53E825006B7901 /* 组-68@2x.png */ = {isa = PBXFileReference; lastKnownFileType = image.png; path = "组-68@2x.png"; sourceTree = "<group>"; };
		5400E9A21F540F8C006B7901 /* NormalDefine.swift */ = {isa = PBXFileReference; fileEncoding = 4; lastKnownFileType = sourcecode.swift; path = NormalDefine.swift; sourceTree = "<group>"; };
		5400EA221F541078006B7901 /* AppDelegate.swift */ = {isa = PBXFileReference; fileEncoding = 4; lastKnownFileType = sourcecode.swift; path = AppDelegate.swift; sourceTree = "<group>"; };
		5400EAAD1F541151006B7901 /* ViewController.swift */ = {isa = PBXFileReference; fileEncoding = 4; lastKnownFileType = sourcecode.swift; path = ViewController.swift; sourceTree = "<group>"; };
		5400EAB71F5411AC006B7901 /* ColorDefine.swift */ = {isa = PBXFileReference; fileEncoding = 4; lastKnownFileType = sourcecode.swift; path = ColorDefine.swift; sourceTree = "<group>"; };
		5400EAB91F5411BB006B7901 /* FontDefine.swift */ = {isa = PBXFileReference; fileEncoding = 4; lastKnownFileType = sourcecode.swift; path = FontDefine.swift; sourceTree = "<group>"; };
		5400EABB1F5411DB006B7901 /* ThirdPartyDefine.swift */ = {isa = PBXFileReference; fileEncoding = 4; lastKnownFileType = sourcecode.swift; path = ThirdPartyDefine.swift; sourceTree = "<group>"; };
		5400EABD1F54134C006B7901 /* Swift_OC_Brdging_Header.h */ = {isa = PBXFileReference; fileEncoding = 4; lastKnownFileType = sourcecode.c.h; path = Swift_OC_Brdging_Header.h; sourceTree = "<group>"; };
		5400EABF1F541426006B7901 /* PrefixHeader.pch */ = {isa = PBXFileReference; fileEncoding = 4; lastKnownFileType = sourcecode.c.h; path = PrefixHeader.pch; sourceTree = "<group>"; };
		5401C7771F28795C00DD05C2 /* SYFileManager.swift */ = {isa = PBXFileReference; fileEncoding = 4; lastKnownFileType = sourcecode.swift; path = SYFileManager.swift; sourceTree = "<group>"; };
		5402C2E11F1371C5008EE999 /* UIView+SYExtension.swift */ = {isa = PBXFileReference; fileEncoding = 4; lastKnownFileType = sourcecode.swift; path = "UIView+SYExtension.swift"; sourceTree = "<group>"; };
		540692C21F579BC5008EDDCB /* SYDemo.swift */ = {isa = PBXFileReference; fileEncoding = 4; lastKnownFileType = sourcecode.swift; path = SYDemo.swift; sourceTree = "<group>"; };
		540692C41F579BD8008EDDCB /* 1.txt */ = {isa = PBXFileReference; fileEncoding = 4; lastKnownFileType = text; path = 1.txt; sourceTree = "<group>"; };
		5408CB0A1EF28DCA009593D8 /* App-Swift.app */ = {isa = PBXFileReference; explicitFileType = wrapper.application; includeInIndex = 0; path = "App-Swift.app"; sourceTree = BUILT_PRODUCTS_DIR; };
		5408CB1E1EF28DCA009593D8 /* App-SwiftTests.xctest */ = {isa = PBXFileReference; explicitFileType = wrapper.cfbundle; includeInIndex = 0; path = "App-SwiftTests.xctest"; sourceTree = BUILT_PRODUCTS_DIR; };
		5408CB221EF28DCA009593D8 /* App_SwiftTests.swift */ = {isa = PBXFileReference; lastKnownFileType = sourcecode.swift; path = App_SwiftTests.swift; sourceTree = "<group>"; };
		5408CB241EF28DCA009593D8 /* Info.plist */ = {isa = PBXFileReference; lastKnownFileType = text.plist.xml; path = Info.plist; sourceTree = "<group>"; };
		5408CB291EF28DCA009593D8 /* App-SwiftUITests.xctest */ = {isa = PBXFileReference; explicitFileType = wrapper.cfbundle; includeInIndex = 0; path = "App-SwiftUITests.xctest"; sourceTree = BUILT_PRODUCTS_DIR; };
		5408CB2D1EF28DCA009593D8 /* App_SwiftUITests.swift */ = {isa = PBXFileReference; lastKnownFileType = sourcecode.swift; path = App_SwiftUITests.swift; sourceTree = "<group>"; };
		5408CB2F1EF28DCA009593D8 /* Info.plist */ = {isa = PBXFileReference; lastKnownFileType = text.plist.xml; path = Info.plist; sourceTree = "<group>"; };
		541F3BFF1F00EBDE0079A3A6 /* GlobalDefine.swift */ = {isa = PBXFileReference; fileEncoding = 4; lastKnownFileType = sourcecode.swift; path = GlobalDefine.swift; sourceTree = "<group>"; };
		542411FB1F62314600669AE5 /* SYVerticalLayoutButton.swift */ = {isa = PBXFileReference; fileEncoding = 4; lastKnownFileType = sourcecode.swift; path = SYVerticalLayoutButton.swift; sourceTree = "<group>"; };
		54269D911F5E9F80007FB8E0 /* SLError.swift */ = {isa = PBXFileReference; fileEncoding = 4; lastKnownFileType = sourcecode.swift; path = SLError.swift; sourceTree = "<group>"; };
		5459E0771F56AD99004A13DF /* Nibloadable.swift */ = {isa = PBXFileReference; fileEncoding = 4; lastKnownFileType = sourcecode.swift; path = Nibloadable.swift; sourceTree = "<group>"; };
		5468E5831F54FD5200816EE0 /* UserDefaultDefine.swift */ = {isa = PBXFileReference; fileEncoding = 4; lastKnownFileType = sourcecode.swift; path = UserDefaultDefine.swift; sourceTree = "<group>"; };
		5468E5861F54FF2800816EE0 /* ZKURLPath.swift */ = {isa = PBXFileReference; fileEncoding = 4; lastKnownFileType = sourcecode.swift; path = ZKURLPath.swift; sourceTree = "<group>"; };
		5468E58D1F5505C500816EE0 /* JKDBHelper.h */ = {isa = PBXFileReference; fileEncoding = 4; lastKnownFileType = sourcecode.c.h; path = JKDBHelper.h; sourceTree = "<group>"; };
		5468E58E1F5505C500816EE0 /* JKDBHelper.m */ = {isa = PBXFileReference; fileEncoding = 4; lastKnownFileType = sourcecode.c.objc; path = JKDBHelper.m; sourceTree = "<group>"; };
		5468E58F1F5505C500816EE0 /* JKDBModel.h */ = {isa = PBXFileReference; fileEncoding = 4; lastKnownFileType = sourcecode.c.h; path = JKDBModel.h; sourceTree = "<group>"; };
		5468E5901F5505C500816EE0 /* JKDBModel.m */ = {isa = PBXFileReference; fileEncoding = 4; lastKnownFileType = sourcecode.c.objc; path = JKDBModel.m; sourceTree = "<group>"; };
		5468E5921F5505C500816EE0 /* NormalMJRefreshGifHeader.h */ = {isa = PBXFileReference; fileEncoding = 4; lastKnownFileType = sourcecode.c.h; path = NormalMJRefreshGifHeader.h; sourceTree = "<group>"; };
		5468E5931F5505C500816EE0 /* NormalMJRefreshGifHeader.m */ = {isa = PBXFileReference; fileEncoding = 4; lastKnownFileType = sourcecode.c.objc; path = NormalMJRefreshGifHeader.m; sourceTree = "<group>"; };
		5468E5951F5505C500816EE0 /* SYDownloadDefine.h */ = {isa = PBXFileReference; fileEncoding = 4; lastKnownFileType = sourcecode.c.h; path = SYDownloadDefine.h; sourceTree = "<group>"; };
		5468E5961F5505C500816EE0 /* SYDownloadDefine.m */ = {isa = PBXFileReference; fileEncoding = 4; lastKnownFileType = sourcecode.c.objc; path = SYDownloadDefine.m; sourceTree = "<group>"; };
		5468E5971F5505C500816EE0 /* SYDownloadManager.h */ = {isa = PBXFileReference; fileEncoding = 4; lastKnownFileType = sourcecode.c.h; path = SYDownloadManager.h; sourceTree = "<group>"; };
		5468E5981F5505C500816EE0 /* SYDownloadManager.m */ = {isa = PBXFileReference; fileEncoding = 4; lastKnownFileType = sourcecode.c.objc; path = SYDownloadManager.m; sourceTree = "<group>"; };
		5468E5991F5505C500816EE0 /* SYDownloadModel.h */ = {isa = PBXFileReference; fileEncoding = 4; lastKnownFileType = sourcecode.c.h; path = SYDownloadModel.h; sourceTree = "<group>"; };
		5468E59A1F5505C500816EE0 /* SYDownloadModel.m */ = {isa = PBXFileReference; fileEncoding = 4; lastKnownFileType = sourcecode.c.objc; path = SYDownloadModel.m; sourceTree = "<group>"; };
		5468E59B1F5505C500816EE0 /* SYDownloadOperation.h */ = {isa = PBXFileReference; fileEncoding = 4; lastKnownFileType = sourcecode.c.h; path = SYDownloadOperation.h; sourceTree = "<group>"; };
		5468E59C1F5505C500816EE0 /* SYDownloadOperation.m */ = {isa = PBXFileReference; fileEncoding = 4; lastKnownFileType = sourcecode.c.objc; path = SYDownloadOperation.m; sourceTree = "<group>"; };
		5468E59E1F5505C500816EE0 /* SYFileManager.h */ = {isa = PBXFileReference; fileEncoding = 4; lastKnownFileType = sourcecode.c.h; path = SYFileManager.h; sourceTree = "<group>"; };
		5468E59F1F5505C500816EE0 /* SYFileManager.m */ = {isa = PBXFileReference; fileEncoding = 4; lastKnownFileType = sourcecode.c.objc; path = SYFileManager.m; sourceTree = "<group>"; };
		5468E5A01F5505C500816EE0 /* SYFramework.h */ = {isa = PBXFileReference; fileEncoding = 4; lastKnownFileType = sourcecode.c.h; path = SYFramework.h; sourceTree = "<group>"; };
		5468E5A21F5505C500816EE0 /* SYM3U8Player.h */ = {isa = PBXFileReference; fileEncoding = 4; lastKnownFileType = sourcecode.c.h; path = SYM3U8Player.h; sourceTree = "<group>"; };
		5468E5A31F5505C500816EE0 /* SYM3U8Player.m */ = {isa = PBXFileReference; fileEncoding = 4; lastKnownFileType = sourcecode.c.objc; path = SYM3U8Player.m; sourceTree = "<group>"; };
		5468E5A41F5505C500816EE0 /* SYPlayerViewController.h */ = {isa = PBXFileReference; fileEncoding = 4; lastKnownFileType = sourcecode.c.h; path = SYPlayerViewController.h; sourceTree = "<group>"; };
		5468E5A51F5505C500816EE0 /* SYPlayerViewController.m */ = {isa = PBXFileReference; fileEncoding = 4; lastKnownFileType = sourcecode.c.objc; path = SYPlayerViewController.m; sourceTree = "<group>"; };
		5468E5B31F5505FF00816EE0 /* Assets.xcassets */ = {isa = PBXFileReference; lastKnownFileType = folder.assetcatalog; path = Assets.xcassets; sourceTree = "<group>"; };
		5468E5B51F5505FF00816EE0 /* Base */ = {isa = PBXFileReference; lastKnownFileType = file.storyboard; name = Base; path = Base.lproj/LaunchScreen.storyboard; sourceTree = "<group>"; };
		5468E5B71F5505FF00816EE0 /* Base */ = {isa = PBXFileReference; lastKnownFileType = file.storyboard; name = Base; path = Base.lproj/Main.storyboard; sourceTree = "<group>"; };
		5468E5B81F5505FF00816EE0 /* Info.plist */ = {isa = PBXFileReference; fileEncoding = 4; lastKnownFileType = text.plist.xml; path = Info.plist; sourceTree = "<group>"; };
		54A7DE7C1F5D3A29005C77D5 /* PromiseKitTest.swift */ = {isa = PBXFileReference; fileEncoding = 4; lastKnownFileType = sourcecode.swift; path = PromiseKitTest.swift; sourceTree = "<group>"; };
		54AFB54C1F553B55001BB903 /* 1.txt */ = {isa = PBXFileReference; fileEncoding = 4; lastKnownFileType = text; path = 1.txt; sourceTree = "<group>"; };
		54AFB5531F5568D0001BB903 /* SYTitleView.swift */ = {isa = PBXFileReference; fileEncoding = 4; lastKnownFileType = sourcecode.swift; path = SYTitleView.swift; sourceTree = "<group>"; };
		54D326A41F60ED040070CDC8 /* SYHexagonButton.swift */ = {isa = PBXFileReference; fileEncoding = 4; lastKnownFileType = sourcecode.swift; path = SYHexagonButton.swift; sourceTree = "<group>"; };
		54EAE42F1F46952200DC9753 /* UIImage+SYExtension.swift */ = {isa = PBXFileReference; fileEncoding = 4; lastKnownFileType = sourcecode.swift; path = "UIImage+SYExtension.swift"; sourceTree = "<group>"; };
		54EAE4311F46D66100DC9753 /* Integer+SYExtension.swift */ = {isa = PBXFileReference; fileEncoding = 4; lastKnownFileType = sourcecode.swift; path = "Integer+SYExtension.swift"; sourceTree = "<group>"; };
		54EFB1401F01F794000C3E7C /* String+SYExtension.swift */ = {isa = PBXFileReference; fileEncoding = 4; lastKnownFileType = sourcecode.swift; path = "String+SYExtension.swift"; sourceTree = "<group>"; };
		54EFB1421F01FE4E000C3E7C /* UIColor+SYExtension.swift */ = {isa = PBXFileReference; fileEncoding = 4; lastKnownFileType = sourcecode.swift; path = "UIColor+SYExtension.swift"; sourceTree = "<group>"; };
		54EFB1461F024CEF000C3E7C /* Array+SYExtension.swift */ = {isa = PBXFileReference; fileEncoding = 4; lastKnownFileType = sourcecode.swift; path = "Array+SYExtension.swift"; sourceTree = "<group>"; };
		54F660331F25E8620081B752 /* NSData+SYExtension.swift */ = {isa = PBXFileReference; fileEncoding = 4; lastKnownFileType = sourcecode.swift; path = "NSData+SYExtension.swift"; sourceTree = "<group>"; };
		54FC637F1F2714D400A5333D /* UIDevice+SYExtension.swift */ = {isa = PBXFileReference; fileEncoding = 4; lastKnownFileType = sourcecode.swift; path = "UIDevice+SYExtension.swift"; sourceTree = "<group>"; };
		54FC63821F27199B00A5333D /* DeviceDefine.swift */ = {isa = PBXFileReference; fileEncoding = 4; lastKnownFileType = sourcecode.swift; path = DeviceDefine.swift; sourceTree = "<group>"; };
		992912970BBEBF5B4122D251 /* Pods-App-Swift.debug.xcconfig */ = {isa = PBXFileReference; includeInIndex = 1; lastKnownFileType = text.xcconfig; name = "Pods-App-Swift.debug.xcconfig"; path = "Pods/Target Support Files/Pods-App-Swift/Pods-App-Swift.debug.xcconfig"; sourceTree = "<group>"; };
		B35981B9D16A415D23CB8A9D /* Pods_App_Swift.framework */ = {isa = PBXFileReference; explicitFileType = wrapper.framework; includeInIndex = 0; path = Pods_App_Swift.framework; sourceTree = BUILT_PRODUCTS_DIR; };
/* End PBXFileReference section */

/* Begin PBXFrameworksBuildPhase section */
		5408CB071EF28DCA009593D8 /* Frameworks */ = {
			isa = PBXFrameworksBuildPhase;
			buildActionMask = 2147483647;
			files = (
				79829BCC65EE8EEDF64E0CEC /* Pods_App_Swift.framework in Frameworks */,
			);
			runOnlyForDeploymentPostprocessing = 0;
		};
		5408CB1B1EF28DCA009593D8 /* Frameworks */ = {
			isa = PBXFrameworksBuildPhase;
			buildActionMask = 2147483647;
			files = (
			);
			runOnlyForDeploymentPostprocessing = 0;
		};
		5408CB261EF28DCA009593D8 /* Frameworks */ = {
			isa = PBXFrameworksBuildPhase;
			buildActionMask = 2147483647;
			files = (
			);
			runOnlyForDeploymentPostprocessing = 0;
		};
/* End PBXFrameworksBuildPhase section */

/* Begin PBXGroup section */
		5400E9741F53E598006B7901 /* API */ = {
			isa = PBXGroup;
			children = (
				5400E9751F53E598006B7901 /* API.swift */,
			);
			path = API;
			sourceTree = "<group>";
		};
		5400E97B1F53E825006B7901 /* TestImage */ = {
			isa = PBXGroup;
			children = (
				5400E97C1F53E825006B7901 /* denglu_fasongyanzhengma_btn@2x.png */,
				5400E97D1F53E825006B7901 /* dl_duigou_btn@2x.png */,
				5400E97E1F53E825006B7901 /* dl_duigou_btn_pressed@2x.png */,
				5400E97F1F53E825006B7901 /* dl_mima_icon@2x.png */,
				5400E9801F53E825006B7901 /* dl_zhanghao_icon@2x.png */,
				5400E9811F53E825006B7901 /* image.png */,
				5400E9821F53E825006B7901 /* loading@2x.png */,
				5400E9831F53E825006B7901 /* movie1.mp4 */,
				5400E9841F53E825006B7901 /* normalPlayerBtn.png */,
				5400E9851F53E825006B7901 /* playerBtn.png */,
				5400E9861F53E825006B7901 /* refreshFootImg_0@2x.png */,
				5400E9871F53E825006B7901 /* refreshFootImg_1@2x.png */,
				5400E9881F53E825006B7901 /* zhbd_qq_icon.png */,
				5400E9891F53E825006B7901 /* zhbd_weibo_icon.png */,
				5400E98A1F53E825006B7901 /* zhbd_weixin_icon.png */,
				5400E98B1F53E825006B7901 /* 组-66@2x.png */,
				5400E98C1F53E825006B7901 /* 组-68@2x.png */,
			);
			path = TestImage;
			sourceTree = "<group>";
		};
		5400EA211F541078006B7901 /* Others */ = {
			isa = PBXGroup;
			children = (
				5400EABD1F54134C006B7901 /* Swift_OC_Brdging_Header.h */,
				5400EA221F541078006B7901 /* AppDelegate.swift */,
				5400EABF1F541426006B7901 /* PrefixHeader.pch */,
			);
			path = Others;
			sourceTree = "<group>";
		};
		5400EAAC1F541151006B7901 /* Classes */ = {
			isa = PBXGroup;
			children = (
				5400EAAD1F541151006B7901 /* ViewController.swift */,
				54AFB54E1F554002001BB903 /* Demo */,
			);
			path = Classes;
			sourceTree = "<group>";
		};
		5400EAB61F54119B006B7901 /* Define */ = {
			isa = PBXGroup;
			children = (
				5400EAB71F5411AC006B7901 /* ColorDefine.swift */,
				5400EAB91F5411BB006B7901 /* FontDefine.swift */,
				5400EABB1F5411DB006B7901 /* ThirdPartyDefine.swift */,
				5468E5831F54FD5200816EE0 /* UserDefaultDefine.swift */,
			);
			path = Define;
			sourceTree = "<group>";
		};
		540692C11F579BB3008EDDCB /* 技术点测试 */ = {
			isa = PBXGroup;
			children = (
				540692C21F579BC5008EDDCB /* SYDemo.swift */,
			);
			path = "技术点测试";
			sourceTree = "<group>";
		};
		5408CB011EF28DCA009593D8 = {
			isa = PBXGroup;
			children = (
				5408CB0C1EF28DCA009593D8 /* App-Swift */,
				5408CB211EF28DCA009593D8 /* App-SwiftTests */,
				5408CB2C1EF28DCA009593D8 /* App-SwiftUITests */,
				5408CB0B1EF28DCA009593D8 /* Products */,
				B52480071B50EC07C4686CA7 /* Pods */,
				963DA136803F955EA6EF47C1 /* Frameworks */,
			);
			sourceTree = "<group>";
		};
		5408CB0B1EF28DCA009593D8 /* Products */ = {
			isa = PBXGroup;
			children = (
				5408CB0A1EF28DCA009593D8 /* App-Swift.app */,
				5408CB1E1EF28DCA009593D8 /* App-SwiftTests.xctest */,
				5408CB291EF28DCA009593D8 /* App-SwiftUITests.xctest */,
			);
			name = Products;
			sourceTree = "<group>";
		};
		5408CB0C1EF28DCA009593D8 /* App-Swift */ = {
			isa = PBXGroup;
			children = (
				541F3BF31F00E4320079A3A6 /* AppCode */,
				541F3BF71F00E4320079A3A6 /* PublicFiles */,
				541F3BFB1F00E4320079A3A6 /* SourceFiles */,
				541F3BFC1F00E4320079A3A6 /* ThirdLibraries */,
				54A7DE7B1F5D39E3005C77D5 /* 功能测试 */,
				5468E5B21F5505FF00816EE0 /* Others */,
			);
			path = "App-Swift";
			sourceTree = "<group>";
		};
		5408CB211EF28DCA009593D8 /* App-SwiftTests */ = {
			isa = PBXGroup;
			children = (
				5408CB221EF28DCA009593D8 /* App_SwiftTests.swift */,
				5408CB241EF28DCA009593D8 /* Info.plist */,
			);
			path = "App-SwiftTests";
			sourceTree = "<group>";
		};
		5408CB2C1EF28DCA009593D8 /* App-SwiftUITests */ = {
			isa = PBXGroup;
			children = (
				5408CB2D1EF28DCA009593D8 /* App_SwiftUITests.swift */,
				5408CB2F1EF28DCA009593D8 /* Info.plist */,
			);
			path = "App-SwiftUITests";
			sourceTree = "<group>";
		};
		541F3BF31F00E4320079A3A6 /* AppCode */ = {
			isa = PBXGroup;
			children = (
				54AFB54B1F553B55001BB903 /* Protocols */,
				5468E5851F54FF2800816EE0 /* Bases */,
				5400EAB61F54119B006B7901 /* Define */,
				5400EA211F541078006B7901 /* Others */,
				5400EAAC1F541151006B7901 /* Classes */,
			);
			path = AppCode;
			sourceTree = "<group>";
		};
		541F3BF71F00E4320079A3A6 /* PublicFiles */ = {
			isa = PBXGroup;
			children = (
				540692C11F579BB3008EDDCB /* 技术点测试 */,
				54AFB5481F553B4A001BB903 /* Protocols */,
				5400E9741F53E598006B7901 /* API */,
				54FC63811F27198300A5333D /* Define */,
				541F3BF81F00E4320079A3A6 /* Classes */,
				541F3BF91F00E4320079A3A6 /* Extensions */,
			);
			path = PublicFiles;
			sourceTree = "<group>";
		};
		541F3BF81F00E4320079A3A6 /* Classes */ = {
			isa = PBXGroup;
			children = (
				541F3BFF1F00EBDE0079A3A6 /* GlobalDefine.swift */,
				5401C7771F28795C00DD05C2 /* SYFileManager.swift */,
				54AFB5531F5568D0001BB903 /* SYTitleView.swift */,
				54269D911F5E9F80007FB8E0 /* SLError.swift */,
				54D326A41F60ED040070CDC8 /* SYHexagonButton.swift */,
				542411FB1F62314600669AE5 /* SYVerticalLayoutButton.swift */,
			);
			path = Classes;
			sourceTree = "<group>";
		};
		541F3BF91F00E4320079A3A6 /* Extensions */ = {
			isa = PBXGroup;
			children = (
				54EFB1401F01F794000C3E7C /* String+SYExtension.swift */,
				54EFB1421F01FE4E000C3E7C /* UIColor+SYExtension.swift */,
				54EFB1461F024CEF000C3E7C /* Array+SYExtension.swift */,
				5402C2E11F1371C5008EE999 /* UIView+SYExtension.swift */,
				54F660331F25E8620081B752 /* NSData+SYExtension.swift */,
				54FC637F1F2714D400A5333D /* UIDevice+SYExtension.swift */,
				54EAE42F1F46952200DC9753 /* UIImage+SYExtension.swift */,
				54EAE4311F46D66100DC9753 /* Integer+SYExtension.swift */,
			);
			path = Extensions;
			sourceTree = "<group>";
		};
		541F3BFB1F00E4320079A3A6 /* SourceFiles */ = {
			isa = PBXGroup;
			children = (
				5400E97B1F53E825006B7901 /* TestImage */,
			);
			path = SourceFiles;
			sourceTree = "<group>";
		};
		541F3BFC1F00E4320079A3A6 /* ThirdLibraries */ = {
			isa = PBXGroup;
			children = (
				5468E58B1F5505C500816EE0 /* SYCustomClass */,
			);
			path = ThirdLibraries;
			sourceTree = "<group>";
		};
		5468E5851F54FF2800816EE0 /* Bases */ = {
			isa = PBXGroup;
			children = (
				5468E5861F54FF2800816EE0 /* ZKURLPath.swift */,
			);
			path = Bases;
			sourceTree = "<group>";
		};
		5468E58B1F5505C500816EE0 /* SYCustomClass */ = {
			isa = PBXGroup;
			children = (
				5468E58C1F5505C500816EE0 /* DBModel */,
				5468E5911F5505C500816EE0 /* RefreshHeader */,
				5468E5941F5505C500816EE0 /* SYDownloadManager */,
				5468E59D1F5505C500816EE0 /* SYFileManager */,
				5468E5A01F5505C500816EE0 /* SYFramework.h */,
				5468E5A11F5505C500816EE0 /* SYPublicViews */,
			);
			path = SYCustomClass;
			sourceTree = "<group>";
		};
		5468E58C1F5505C500816EE0 /* DBModel */ = {
			isa = PBXGroup;
			children = (
				5468E58D1F5505C500816EE0 /* JKDBHelper.h */,
				5468E58E1F5505C500816EE0 /* JKDBHelper.m */,
				5468E58F1F5505C500816EE0 /* JKDBModel.h */,
				5468E5901F5505C500816EE0 /* JKDBModel.m */,
			);
			path = DBModel;
			sourceTree = "<group>";
		};
		5468E5911F5505C500816EE0 /* RefreshHeader */ = {
			isa = PBXGroup;
			children = (
				5468E5921F5505C500816EE0 /* NormalMJRefreshGifHeader.h */,
				5468E5931F5505C500816EE0 /* NormalMJRefreshGifHeader.m */,
			);
			path = RefreshHeader;
			sourceTree = "<group>";
		};
		5468E5941F5505C500816EE0 /* SYDownloadManager */ = {
			isa = PBXGroup;
			children = (
				5468E5951F5505C500816EE0 /* SYDownloadDefine.h */,
				5468E5961F5505C500816EE0 /* SYDownloadDefine.m */,
				5468E5971F5505C500816EE0 /* SYDownloadManager.h */,
				5468E5981F5505C500816EE0 /* SYDownloadManager.m */,
				5468E5991F5505C500816EE0 /* SYDownloadModel.h */,
				5468E59A1F5505C500816EE0 /* SYDownloadModel.m */,
				5468E59B1F5505C500816EE0 /* SYDownloadOperation.h */,
				5468E59C1F5505C500816EE0 /* SYDownloadOperation.m */,
			);
			path = SYDownloadManager;
			sourceTree = "<group>";
		};
		5468E59D1F5505C500816EE0 /* SYFileManager */ = {
			isa = PBXGroup;
			children = (
				5468E59E1F5505C500816EE0 /* SYFileManager.h */,
				5468E59F1F5505C500816EE0 /* SYFileManager.m */,
			);
			path = SYFileManager;
			sourceTree = "<group>";
		};
		5468E5A11F5505C500816EE0 /* SYPublicViews */ = {
			isa = PBXGroup;
			children = (
				5468E5A21F5505C500816EE0 /* SYM3U8Player.h */,
				5468E5A31F5505C500816EE0 /* SYM3U8Player.m */,
				5468E5A41F5505C500816EE0 /* SYPlayerViewController.h */,
				5468E5A51F5505C500816EE0 /* SYPlayerViewController.m */,
			);
			path = SYPublicViews;
			sourceTree = "<group>";
		};
		5468E5B21F5505FF00816EE0 /* Others */ = {
			isa = PBXGroup;
			children = (
				5468E5B31F5505FF00816EE0 /* Assets.xcassets */,
				5468E5B41F5505FF00816EE0 /* LaunchScreen.storyboard */,
				5468E5B61F5505FF00816EE0 /* Main.storyboard */,
				5468E5B81F5505FF00816EE0 /* Info.plist */,
			);
			path = Others;
			sourceTree = "<group>";
		};
		54A7DE7B1F5D39E3005C77D5 /* 功能测试 */ = {
			isa = PBXGroup;
			children = (
				54A7DE7C1F5D3A29005C77D5 /* PromiseKitTest.swift */,
			);
			path = "功能测试";
			sourceTree = "<group>";
		};
		54AFB5481F553B4A001BB903 /* Protocols */ = {
			isa = PBXGroup;
			children = (
				5459E0771F56AD99004A13DF /* Nibloadable.swift */,
			);
			path = Protocols;
			sourceTree = "<group>";
		};
		54AFB54B1F553B55001BB903 /* Protocols */ = {
			isa = PBXGroup;
			children = (
				54AFB54C1F553B55001BB903 /* 1.txt */,
			);
			path = Protocols;
			sourceTree = "<group>";
		};
		54AFB54E1F554002001BB903 /* Demo */ = {
			isa = PBXGroup;
			children = (
				540692C41F579BD8008EDDCB /* 1.txt */,
			);
			path = Demo;
			sourceTree = "<group>";
		};
		54FC63811F27198300A5333D /* Define */ = {
			isa = PBXGroup;
			children = (
				54FC63821F27199B00A5333D /* DeviceDefine.swift */,
				5400E9A21F540F8C006B7901 /* NormalDefine.swift */,
			);
			path = Define;
			sourceTree = "<group>";
		};
		963DA136803F955EA6EF47C1 /* Frameworks */ = {
			isa = PBXGroup;
			children = (
				B35981B9D16A415D23CB8A9D /* Pods_App_Swift.framework */,
			);
			name = Frameworks;
			sourceTree = "<group>";
		};
		B52480071B50EC07C4686CA7 /* Pods */ = {
			isa = PBXGroup;
			children = (
				992912970BBEBF5B4122D251 /* Pods-App-Swift.debug.xcconfig */,
				4033468AADE67D3E7E9E77D7 /* Pods-App-Swift.release.xcconfig */,
			);
			name = Pods;
			sourceTree = "<group>";
		};
/* End PBXGroup section */

/* Begin PBXNativeTarget section */
		5408CB091EF28DCA009593D8 /* App-Swift */ = {
			isa = PBXNativeTarget;
			buildConfigurationList = 5408CB321EF28DCB009593D8 /* Build configuration list for PBXNativeTarget "App-Swift" */;
			buildPhases = (
				914D85FA943B897621ACD145 /* [CP] Check Pods Manifest.lock */,
				5408CB061EF28DCA009593D8 /* Sources */,
				5408CB071EF28DCA009593D8 /* Frameworks */,
				5408CB081EF28DCA009593D8 /* Resources */,
				608154888935F731AF509CEA /* [CP] Embed Pods Frameworks */,
				4A0F8B017A3AA47E19981BC5 /* [CP] Copy Pods Resources */,
			);
			buildRules = (
			);
			dependencies = (
			);
			name = "App-Swift";
			productName = "App-Swift";
			productReference = 5408CB0A1EF28DCA009593D8 /* App-Swift.app */;
			productType = "com.apple.product-type.application";
		};
		5408CB1D1EF28DCA009593D8 /* App-SwiftTests */ = {
			isa = PBXNativeTarget;
			buildConfigurationList = 5408CB351EF28DCB009593D8 /* Build configuration list for PBXNativeTarget "App-SwiftTests" */;
			buildPhases = (
				5408CB1A1EF28DCA009593D8 /* Sources */,
				5408CB1B1EF28DCA009593D8 /* Frameworks */,
				5408CB1C1EF28DCA009593D8 /* Resources */,
			);
			buildRules = (
			);
			dependencies = (
				5408CB201EF28DCA009593D8 /* PBXTargetDependency */,
			);
			name = "App-SwiftTests";
			productName = "App-SwiftTests";
			productReference = 5408CB1E1EF28DCA009593D8 /* App-SwiftTests.xctest */;
			productType = "com.apple.product-type.bundle.unit-test";
		};
		5408CB281EF28DCA009593D8 /* App-SwiftUITests */ = {
			isa = PBXNativeTarget;
			buildConfigurationList = 5408CB381EF28DCB009593D8 /* Build configuration list for PBXNativeTarget "App-SwiftUITests" */;
			buildPhases = (
				5408CB251EF28DCA009593D8 /* Sources */,
				5408CB261EF28DCA009593D8 /* Frameworks */,
				5408CB271EF28DCA009593D8 /* Resources */,
			);
			buildRules = (
			);
			dependencies = (
				5408CB2B1EF28DCA009593D8 /* PBXTargetDependency */,
			);
			name = "App-SwiftUITests";
			productName = "App-SwiftUITests";
			productReference = 5408CB291EF28DCA009593D8 /* App-SwiftUITests.xctest */;
			productType = "com.apple.product-type.bundle.ui-testing";
		};
/* End PBXNativeTarget section */

/* Begin PBXProject section */
		5408CB021EF28DCA009593D8 /* Project object */ = {
			isa = PBXProject;
			attributes = {
				LastSwiftUpdateCheck = 0830;
				LastUpgradeCheck = 0830;
				ORGANIZATIONNAME = "谷胜亚";
				TargetAttributes = {
					5408CB091EF28DCA009593D8 = {
						CreatedOnToolsVersion = 8.3.2;
						DevelopmentTeam = 5M2AGBEF85;
						ProvisioningStyle = Automatic;
					};
					5408CB1D1EF28DCA009593D8 = {
						CreatedOnToolsVersion = 8.3.2;
						DevelopmentTeam = 5M2AGBEF85;
						ProvisioningStyle = Automatic;
						TestTargetID = 5408CB091EF28DCA009593D8;
					};
					5408CB281EF28DCA009593D8 = {
						CreatedOnToolsVersion = 8.3.2;
						DevelopmentTeam = 5M2AGBEF85;
						ProvisioningStyle = Automatic;
						TestTargetID = 5408CB091EF28DCA009593D8;
					};
				};
			};
			buildConfigurationList = 5408CB051EF28DCA009593D8 /* Build configuration list for PBXProject "App-Swift" */;
			compatibilityVersion = "Xcode 3.2";
			developmentRegion = English;
			hasScannedForEncodings = 0;
			knownRegions = (
				en,
				Base,
			);
			mainGroup = 5408CB011EF28DCA009593D8;
			productRefGroup = 5408CB0B1EF28DCA009593D8 /* Products */;
			projectDirPath = "";
			projectRoot = "";
			targets = (
				5408CB091EF28DCA009593D8 /* App-Swift */,
				5408CB1D1EF28DCA009593D8 /* App-SwiftTests */,
				5408CB281EF28DCA009593D8 /* App-SwiftUITests */,
			);
		};
/* End PBXProject section */

/* Begin PBXResourcesBuildPhase section */
		5408CB081EF28DCA009593D8 /* Resources */ = {
			isa = PBXResourcesBuildPhase;
			buildActionMask = 2147483647;
			files = (
				5400E98D1F53E825006B7901 /* denglu_fasongyanzhengma_btn@2x.png in Resources */,
				5400E9971F53E825006B7901 /* refreshFootImg_0@2x.png in Resources */,
				5400E9901F53E825006B7901 /* dl_mima_icon@2x.png in Resources */,
				5400E9961F53E825006B7901 /* playerBtn.png in Resources */,
				5468E5B91F5505FF00816EE0 /* Assets.xcassets in Resources */,
				5400E99C1F53E825006B7901 /* 组-66@2x.png in Resources */,
				5400E99B1F53E825006B7901 /* zhbd_weixin_icon.png in Resources */,
				5400E9991F53E825006B7901 /* zhbd_qq_icon.png in Resources */,
				5468E5BC1F5505FF00816EE0 /* Info.plist in Resources */,
				5400E99D1F53E825006B7901 /* 组-68@2x.png in Resources */,
				5468E5BA1F5505FF00816EE0 /* LaunchScreen.storyboard in Resources */,
				5400E98F1F53E825006B7901 /* dl_duigou_btn_pressed@2x.png in Resources */,
				5400E9931F53E825006B7901 /* loading@2x.png in Resources */,
				5468E5BB1F5505FF00816EE0 /* Main.storyboard in Resources */,
				5400E99A1F53E825006B7901 /* zhbd_weibo_icon.png in Resources */,
				5400E9951F53E825006B7901 /* normalPlayerBtn.png in Resources */,
				54AFB54D1F553B55001BB903 /* 1.txt in Resources */,
				540692C51F579BD8008EDDCB /* 1.txt in Resources */,
				5400E9911F53E825006B7901 /* dl_zhanghao_icon@2x.png in Resources */,
				5400E98E1F53E825006B7901 /* dl_duigou_btn@2x.png in Resources */,
				5400E9941F53E825006B7901 /* movie1.mp4 in Resources */,
				5400E9981F53E825006B7901 /* refreshFootImg_1@2x.png in Resources */,
				5400E9921F53E825006B7901 /* image.png in Resources */,
			);
			runOnlyForDeploymentPostprocessing = 0;
		};
		5408CB1C1EF28DCA009593D8 /* Resources */ = {
			isa = PBXResourcesBuildPhase;
			buildActionMask = 2147483647;
			files = (
			);
			runOnlyForDeploymentPostprocessing = 0;
		};
		5408CB271EF28DCA009593D8 /* Resources */ = {
			isa = PBXResourcesBuildPhase;
			buildActionMask = 2147483647;
			files = (
			);
			runOnlyForDeploymentPostprocessing = 0;
		};
/* End PBXResourcesBuildPhase section */

/* Begin PBXShellScriptBuildPhase section */
		4A0F8B017A3AA47E19981BC5 /* [CP] Copy Pods Resources */ = {
			isa = PBXShellScriptBuildPhase;
			buildActionMask = 2147483647;
			files = (
			);
			inputPaths = (
			);
			name = "[CP] Copy Pods Resources";
			outputPaths = (
			);
			runOnlyForDeploymentPostprocessing = 0;
			shellPath = /bin/sh;
			shellScript = "\"${SRCROOT}/Pods/Target Support Files/Pods-App-Swift/Pods-App-Swift-resources.sh\"\n";
			showEnvVarsInLog = 0;
		};
		608154888935F731AF509CEA /* [CP] Embed Pods Frameworks */ = {
			isa = PBXShellScriptBuildPhase;
			buildActionMask = 2147483647;
			files = (
			);
			inputPaths = (
			);
			name = "[CP] Embed Pods Frameworks";
			outputPaths = (
			);
			runOnlyForDeploymentPostprocessing = 0;
			shellPath = /bin/sh;
			shellScript = "\"${SRCROOT}/Pods/Target Support Files/Pods-App-Swift/Pods-App-Swift-frameworks.sh\"\n";
			showEnvVarsInLog = 0;
		};
		914D85FA943B897621ACD145 /* [CP] Check Pods Manifest.lock */ = {
			isa = PBXShellScriptBuildPhase;
			buildActionMask = 2147483647;
			files = (
			);
			inputPaths = (
			);
			name = "[CP] Check Pods Manifest.lock";
			outputPaths = (
			);
			runOnlyForDeploymentPostprocessing = 0;
			shellPath = /bin/sh;
			shellScript = "diff \"${PODS_ROOT}/../Podfile.lock\" \"${PODS_ROOT}/Manifest.lock\" > /dev/null\nif [ $? != 0 ] ; then\n    # print error to STDERR\n    echo \"error: The sandbox is not in sync with the Podfile.lock. Run 'pod install' or update your CocoaPods installation.\" >&2\n    exit 1\nfi\n";
			showEnvVarsInLog = 0;
		};
/* End PBXShellScriptBuildPhase section */

/* Begin PBXSourcesBuildPhase section */
		5408CB061EF28DCA009593D8 /* Sources */ = {
			isa = PBXSourcesBuildPhase;
			buildActionMask = 2147483647;
			files = (
				54FC63801F2714D400A5333D /* UIDevice+SYExtension.swift in Sources */,
				5400E9A31F540F8C006B7901 /* NormalDefine.swift in Sources */,
				5468E5A91F5505C500816EE0 /* JKDBModel.m in Sources */,
				5468E5AF1F5505C500816EE0 /* SYFileManager.m in Sources */,
				541F3C001F00EBDE0079A3A6 /* GlobalDefine.swift in Sources */,
				5400EAB81F5411AC006B7901 /* ColorDefine.swift in Sources */,
				5468E5871F54FF2800816EE0 /* ZKURLPath.swift in Sources */,
				5468E5AE1F5505C500816EE0 /* SYDownloadOperation.m in Sources */,
				54EFB1431F01FE4E000C3E7C /* UIColor+SYExtension.swift in Sources */,
				540692C31F579BC5008EDDCB /* SYDemo.swift in Sources */,
				5468E5AA1F5505C500816EE0 /* NormalMJRefreshGifHeader.m in Sources */,
				5468E5B11F5505C500816EE0 /* SYPlayerViewController.m in Sources */,
				5468E5B01F5505C500816EE0 /* SYM3U8Player.m in Sources */,
				5401C7781F28795C00DD05C2 /* SYFileManager.swift in Sources */,
				54AFB5541F5568D0001BB903 /* SYTitleView.swift in Sources */,
				54269D921F5E9F80007FB8E0 /* SLError.swift in Sources */,
				54F660341F25E8620081B752 /* NSData+SYExtension.swift in Sources */,
				54A7DE7D1F5D3A29005C77D5 /* PromiseKitTest.swift in Sources */,
				54FC63831F27199B00A5333D /* DeviceDefine.swift in Sources */,
				5468E5AB1F5505C500816EE0 /* SYDownloadDefine.m in Sources */,
				5400E9781F53E598006B7901 /* API.swift in Sources */,
				5468E5A81F5505C500816EE0 /* JKDBHelper.m in Sources */,
				54D326A51F60ED040070CDC8 /* SYHexagonButton.swift in Sources */,
				5468E5AC1F5505C500816EE0 /* SYDownloadManager.m in Sources */,
				5402C2E21F1371C5008EE999 /* UIView+SYExtension.swift in Sources */,
				5468E5AD1F5505C500816EE0 /* SYDownloadModel.m in Sources */,
				54EAE4321F46D66100DC9753 /* Integer+SYExtension.swift in Sources */,
				54EFB1411F01F794000C3E7C /* String+SYExtension.swift in Sources */,
				54EAE4301F46952200DC9753 /* UIImage+SYExtension.swift in Sources */,
				5400EABC1F5411DB006B7901 /* ThirdPartyDefine.swift in Sources */,
				54EFB1471F024CEF000C3E7C /* Array+SYExtension.swift in Sources */,
				5459E0781F56AD99004A13DF /* Nibloadable.swift in Sources */,
				5400EA9C1F541078006B7901 /* AppDelegate.swift in Sources */,
				5400EAB21F541151006B7901 /* ViewController.swift in Sources */,
				542411FC1F62314600669AE5 /* SYVerticalLayoutButton.swift in Sources */,
				5468E5841F54FD5200816EE0 /* UserDefaultDefine.swift in Sources */,
				5400EABA1F5411BB006B7901 /* FontDefine.swift in Sources */,
			);
			runOnlyForDeploymentPostprocessing = 0;
		};
		5408CB1A1EF28DCA009593D8 /* Sources */ = {
			isa = PBXSourcesBuildPhase;
			buildActionMask = 2147483647;
			files = (
				5408CB231EF28DCA009593D8 /* App_SwiftTests.swift in Sources */,
			);
			runOnlyForDeploymentPostprocessing = 0;
		};
		5408CB251EF28DCA009593D8 /* Sources */ = {
			isa = PBXSourcesBuildPhase;
			buildActionMask = 2147483647;
			files = (
				5408CB2E1EF28DCA009593D8 /* App_SwiftUITests.swift in Sources */,
			);
			runOnlyForDeploymentPostprocessing = 0;
		};
/* End PBXSourcesBuildPhase section */

/* Begin PBXTargetDependency section */
		5408CB201EF28DCA009593D8 /* PBXTargetDependency */ = {
			isa = PBXTargetDependency;
			target = 5408CB091EF28DCA009593D8 /* App-Swift */;
			targetProxy = 5408CB1F1EF28DCA009593D8 /* PBXContainerItemProxy */;
		};
		5408CB2B1EF28DCA009593D8 /* PBXTargetDependency */ = {
			isa = PBXTargetDependency;
			target = 5408CB091EF28DCA009593D8 /* App-Swift */;
			targetProxy = 5408CB2A1EF28DCA009593D8 /* PBXContainerItemProxy */;
		};
/* End PBXTargetDependency section */

/* Begin PBXVariantGroup section */
		5468E5B41F5505FF00816EE0 /* LaunchScreen.storyboard */ = {
			isa = PBXVariantGroup;
			children = (
				5468E5B51F5505FF00816EE0 /* Base */,
			);
			name = LaunchScreen.storyboard;
			sourceTree = "<group>";
		};
		5468E5B61F5505FF00816EE0 /* Main.storyboard */ = {
			isa = PBXVariantGroup;
			children = (
				5468E5B71F5505FF00816EE0 /* Base */,
			);
			name = Main.storyboard;
			sourceTree = "<group>";
		};
/* End PBXVariantGroup section */

/* Begin XCBuildConfiguration section */
		5408CB301EF28DCB009593D8 /* Debug */ = {
			isa = XCBuildConfiguration;
			buildSettings = {
				ALWAYS_SEARCH_USER_PATHS = NO;
				CLANG_ANALYZER_NONNULL = YES;
				CLANG_ANALYZER_NUMBER_OBJECT_CONVERSION = YES_AGGRESSIVE;
				CLANG_CXX_LANGUAGE_STANDARD = "gnu++0x";
				CLANG_CXX_LIBRARY = "libc++";
				CLANG_ENABLE_MODULES = YES;
				CLANG_ENABLE_OBJC_ARC = YES;
				CLANG_WARN_BOOL_CONVERSION = YES;
				CLANG_WARN_CONSTANT_CONVERSION = YES;
				CLANG_WARN_DIRECT_OBJC_ISA_USAGE = YES_ERROR;
				CLANG_WARN_DOCUMENTATION_COMMENTS = YES;
				CLANG_WARN_EMPTY_BODY = YES;
				CLANG_WARN_ENUM_CONVERSION = YES;
				CLANG_WARN_INFINITE_RECURSION = YES;
				CLANG_WARN_INT_CONVERSION = YES;
				CLANG_WARN_OBJC_ROOT_CLASS = YES_ERROR;
				CLANG_WARN_SUSPICIOUS_MOVE = YES;
				CLANG_WARN_UNREACHABLE_CODE = YES;
				CLANG_WARN__DUPLICATE_METHOD_MATCH = YES;
				"CODE_SIGN_IDENTITY[sdk=iphoneos*]" = "iPhone Developer";
				COPY_PHASE_STRIP = NO;
				DEBUG_INFORMATION_FORMAT = dwarf;
				ENABLE_STRICT_OBJC_MSGSEND = YES;
				ENABLE_TESTABILITY = YES;
				GCC_C_LANGUAGE_STANDARD = gnu99;
				GCC_DYNAMIC_NO_PIC = NO;
				GCC_NO_COMMON_BLOCKS = YES;
				GCC_OPTIMIZATION_LEVEL = 0;
				GCC_PREPROCESSOR_DEFINITIONS = (
					"DEBUG=1",
					"$(inherited)",
				);
				GCC_WARN_64_TO_32_BIT_CONVERSION = YES;
				GCC_WARN_ABOUT_RETURN_TYPE = YES_ERROR;
				GCC_WARN_UNDECLARED_SELECTOR = YES;
				GCC_WARN_UNINITIALIZED_AUTOS = YES_AGGRESSIVE;
				GCC_WARN_UNUSED_FUNCTION = YES;
				GCC_WARN_UNUSED_VARIABLE = YES;
				IPHONEOS_DEPLOYMENT_TARGET = 10.3;
				MTL_ENABLE_DEBUG_INFO = YES;
				ONLY_ACTIVE_ARCH = YES;
				SDKROOT = iphoneos;
				SWIFT_ACTIVE_COMPILATION_CONDITIONS = DEBUG;
				SWIFT_OPTIMIZATION_LEVEL = "-Onone";
				TARGETED_DEVICE_FAMILY = "1,2";
			};
			name = Debug;
		};
		5408CB311EF28DCB009593D8 /* Release */ = {
			isa = XCBuildConfiguration;
			buildSettings = {
				ALWAYS_SEARCH_USER_PATHS = NO;
				CLANG_ANALYZER_NONNULL = YES;
				CLANG_ANALYZER_NUMBER_OBJECT_CONVERSION = YES_AGGRESSIVE;
				CLANG_CXX_LANGUAGE_STANDARD = "gnu++0x";
				CLANG_CXX_LIBRARY = "libc++";
				CLANG_ENABLE_MODULES = YES;
				CLANG_ENABLE_OBJC_ARC = YES;
				CLANG_WARN_BOOL_CONVERSION = YES;
				CLANG_WARN_CONSTANT_CONVERSION = YES;
				CLANG_WARN_DIRECT_OBJC_ISA_USAGE = YES_ERROR;
				CLANG_WARN_DOCUMENTATION_COMMENTS = YES;
				CLANG_WARN_EMPTY_BODY = YES;
				CLANG_WARN_ENUM_CONVERSION = YES;
				CLANG_WARN_INFINITE_RECURSION = YES;
				CLANG_WARN_INT_CONVERSION = YES;
				CLANG_WARN_OBJC_ROOT_CLASS = YES_ERROR;
				CLANG_WARN_SUSPICIOUS_MOVE = YES;
				CLANG_WARN_UNREACHABLE_CODE = YES;
				CLANG_WARN__DUPLICATE_METHOD_MATCH = YES;
				"CODE_SIGN_IDENTITY[sdk=iphoneos*]" = "iPhone Developer";
				COPY_PHASE_STRIP = NO;
				DEBUG_INFORMATION_FORMAT = "dwarf-with-dsym";
				ENABLE_NS_ASSERTIONS = NO;
				ENABLE_STRICT_OBJC_MSGSEND = YES;
				GCC_C_LANGUAGE_STANDARD = gnu99;
				GCC_NO_COMMON_BLOCKS = YES;
				GCC_WARN_64_TO_32_BIT_CONVERSION = YES;
				GCC_WARN_ABOUT_RETURN_TYPE = YES_ERROR;
				GCC_WARN_UNDECLARED_SELECTOR = YES;
				GCC_WARN_UNINITIALIZED_AUTOS = YES_AGGRESSIVE;
				GCC_WARN_UNUSED_FUNCTION = YES;
				GCC_WARN_UNUSED_VARIABLE = YES;
				IPHONEOS_DEPLOYMENT_TARGET = 10.3;
				MTL_ENABLE_DEBUG_INFO = NO;
				SDKROOT = iphoneos;
				SWIFT_OPTIMIZATION_LEVEL = "-Owholemodule";
				TARGETED_DEVICE_FAMILY = "1,2";
				VALIDATE_PRODUCT = YES;
			};
			name = Release;
		};
		5408CB331EF28DCB009593D8 /* Debug */ = {
			isa = XCBuildConfiguration;
			baseConfigurationReference = 992912970BBEBF5B4122D251 /* Pods-App-Swift.debug.xcconfig */;
			buildSettings = {
				ASSETCATALOG_COMPILER_APPICON_NAME = AppIcon;
				DEVELOPMENT_TEAM = 5M2AGBEF85;
				GCC_PREFIX_HEADER = "App-Swift/AppCode/Others/PrefixHeader.pch";
				INFOPLIST_FILE = "App-Swift/Others/Info.plist";
				IPHONEOS_DEPLOYMENT_TARGET = 8.0;
				LD_RUNPATH_SEARCH_PATHS = "$(inherited) @executable_path/Frameworks";
				PODS_ROOT = "$(inherited)";
				PRODUCT_BUNDLE_IDENTIFIER = "com.gushengya.App-Swift";
				PRODUCT_NAME = "$(TARGET_NAME)";
				SWIFT_OBJC_BRIDGING_HEADER = "App-Swift/AppCode/Others/Swift_OC_Brdging_Header.h";
				SWIFT_VERSION = 3.0;
			};
			name = Debug;
		};
		5408CB341EF28DCB009593D8 /* Release */ = {
			isa = XCBuildConfiguration;
			baseConfigurationReference = 4033468AADE67D3E7E9E77D7 /* Pods-App-Swift.release.xcconfig */;
			buildSettings = {
				ASSETCATALOG_COMPILER_APPICON_NAME = AppIcon;
				DEVELOPMENT_TEAM = 5M2AGBEF85;
				GCC_PREFIX_HEADER = "App-Swift/AppCode/Others/PrefixHeader.pch";
				INFOPLIST_FILE = "App-Swift/Others/Info.plist";
				IPHONEOS_DEPLOYMENT_TARGET = 8.0;
				LD_RUNPATH_SEARCH_PATHS = "$(inherited) @executable_path/Frameworks";
				PODS_ROOT = "$(inherited)";
				PRODUCT_BUNDLE_IDENTIFIER = "com.gushengya.App-Swift";
				PRODUCT_NAME = "$(TARGET_NAME)";
				SWIFT_OBJC_BRIDGING_HEADER = "App-Swift/AppCode/Others/Swift_OC_Brdging_Header.h";
				SWIFT_VERSION = 3.0;
			};
			name = Release;
		};
		5408CB361EF28DCB009593D8 /* Debug */ = {
			isa = XCBuildConfiguration;
			buildSettings = {
				ALWAYS_EMBED_SWIFT_STANDARD_LIBRARIES = YES;
				BUNDLE_LOADER = "$(TEST_HOST)";
				DEVELOPMENT_TEAM = 5M2AGBEF85;
				INFOPLIST_FILE = "App-SwiftTests/Info.plist";
				LD_RUNPATH_SEARCH_PATHS = "$(inherited) @executable_path/Frameworks @loader_path/Frameworks";
				PRODUCT_BUNDLE_IDENTIFIER = "com.gushengya.App-SwiftTests";
				PRODUCT_NAME = "$(TARGET_NAME)";
				SWIFT_VERSION = 3.0;
				TEST_HOST = "$(BUILT_PRODUCTS_DIR)/App-Swift.app/App-Swift";
			};
			name = Debug;
		};
		5408CB371EF28DCB009593D8 /* Release */ = {
			isa = XCBuildConfiguration;
			buildSettings = {
				ALWAYS_EMBED_SWIFT_STANDARD_LIBRARIES = YES;
				BUNDLE_LOADER = "$(TEST_HOST)";
				DEVELOPMENT_TEAM = 5M2AGBEF85;
				INFOPLIST_FILE = "App-SwiftTests/Info.plist";
				LD_RUNPATH_SEARCH_PATHS = "$(inherited) @executable_path/Frameworks @loader_path/Frameworks";
				PRODUCT_BUNDLE_IDENTIFIER = "com.gushengya.App-SwiftTests";
				PRODUCT_NAME = "$(TARGET_NAME)";
				SWIFT_VERSION = 3.0;
				TEST_HOST = "$(BUILT_PRODUCTS_DIR)/App-Swift.app/App-Swift";
			};
			name = Release;
		};
		5408CB391EF28DCB009593D8 /* Debug */ = {
			isa = XCBuildConfiguration;
			buildSettings = {
				ALWAYS_EMBED_SWIFT_STANDARD_LIBRARIES = YES;
				DEVELOPMENT_TEAM = 5M2AGBEF85;
				INFOPLIST_FILE = "App-SwiftUITests/Info.plist";
				LD_RUNPATH_SEARCH_PATHS = "$(inherited) @executable_path/Frameworks @loader_path/Frameworks";
				PRODUCT_BUNDLE_IDENTIFIER = "com.gushengya.App-SwiftUITests";
				PRODUCT_NAME = "$(TARGET_NAME)";
				SWIFT_VERSION = 3.0;
				TEST_TARGET_NAME = "App-Swift";
			};
			name = Debug;
		};
		5408CB3A1EF28DCB009593D8 /* Release */ = {
			isa = XCBuildConfiguration;
			buildSettings = {
				ALWAYS_EMBED_SWIFT_STANDARD_LIBRARIES = YES;
				DEVELOPMENT_TEAM = 5M2AGBEF85;
				INFOPLIST_FILE = "App-SwiftUITests/Info.plist";
				LD_RUNPATH_SEARCH_PATHS = "$(inherited) @executable_path/Frameworks @loader_path/Frameworks";
				PRODUCT_BUNDLE_IDENTIFIER = "com.gushengya.App-SwiftUITests";
				PRODUCT_NAME = "$(TARGET_NAME)";
				SWIFT_VERSION = 3.0;
				TEST_TARGET_NAME = "App-Swift";
			};
			name = Release;
		};
/* End XCBuildConfiguration section */

/* Begin XCConfigurationList section */
		5408CB051EF28DCA009593D8 /* Build configuration list for PBXProject "App-Swift" */ = {
			isa = XCConfigurationList;
			buildConfigurations = (
				5408CB301EF28DCB009593D8 /* Debug */,
				5408CB311EF28DCB009593D8 /* Release */,
			);
			defaultConfigurationIsVisible = 0;
			defaultConfigurationName = Release;
		};
		5408CB321EF28DCB009593D8 /* Build configuration list for PBXNativeTarget "App-Swift" */ = {
			isa = XCConfigurationList;
			buildConfigurations = (
				5408CB331EF28DCB009593D8 /* Debug */,
				5408CB341EF28DCB009593D8 /* Release */,
			);
			defaultConfigurationIsVisible = 0;
			defaultConfigurationName = Release;
		};
		5408CB351EF28DCB009593D8 /* Build configuration list for PBXNativeTarget "App-SwiftTests" */ = {
			isa = XCConfigurationList;
			buildConfigurations = (
				5408CB361EF28DCB009593D8 /* Debug */,
				5408CB371EF28DCB009593D8 /* Release */,
			);
			defaultConfigurationIsVisible = 0;
			defaultConfigurationName = Release;
		};
		5408CB381EF28DCB009593D8 /* Build configuration list for PBXNativeTarget "App-SwiftUITests" */ = {
			isa = XCConfigurationList;
			buildConfigurations = (
				5408CB391EF28DCB009593D8 /* Debug */,
				5408CB3A1EF28DCB009593D8 /* Release */,
			);
			defaultConfigurationIsVisible = 0;
			defaultConfigurationName = Release;
		};
/* End XCConfigurationList section */
	};
	rootObject = 5408CB021EF28DCA009593D8 /* Project object */;
}
